
Microsoft Visual Studio Solution File, Format Version 12.00
# Visual Studio Version 17
VisualStudioVersion = 17.7.34031.279
MinimumVisualStudioVersion = 10.0.40219.1
Project("{FAE04EC0-301F-11D3-BF4B-00C04F79EFBC}") = "Mypple MusicAdminV2", "Mypple MusicAdminV2\Mypple MusicAdminV2.csproj", "{3925AF1E-F07A-4A45-942C-7B9491CA1F73}"
EndProject
Global
	GlobalSection(SolutionConfigurationPlatforms) = preSolution
		Debug|Any CPU = Debug|Any CPU
		Release|Any CPU = Release|Any CPU
	EndGlobalSection
	GlobalSection(ProjectConfigurationPlatforms) = postSolution
		{3925AF1E-F07A-4A45-942C-7B9491CA1F73}.Debug|Any CPU.ActiveCfg = Debug|Any CPU
		{3925AF1E-F07A-4A45-942C-7B9491CA1F73}.Debug|Any CPU.Build.0 = Debug|Any CPU
		{3925AF1E-F07A-4A45-942C-7B9491CA1F73}.Release|Any CPU.ActiveCfg = Release|Any CPU
		{3925AF1E-F07A-4A45-942C-7B9491CA1F73}.Release|Any CPU.Build.0 = Release|Any CPU
	EndGlobalSection
	GlobalSection(SolutionProperties) = preSolution
		HideSolutionNode = FALSE
	EndGlobalSection
	GlobalSection(ExtensibilityGlobals) = postSolution
		SolutionGuid = {C008A41B-F257-453B-B6F2-5E9B5C7C3B61}
	EndGlobalSection
EndGlobal
